# THIS IS AN AUTOGENERATED FILE. DO NOT EDIT THIS FILE DIRECTLY.
# yarn lockfile v1


"@types/js-beautify@^1.13.3":
  version "1.13.3"
  resolved "https://registry.yarnpkg.com/@types/js-beautify/-/js-beautify-1.13.3.tgz#53839bb5b766d0fb45e87386100bb3bcbb7dca9d"
  integrity sha512-ucIPw5gmNyvRKi6mpeojlqp+T+6ZBJeU+kqMDnIEDlijEU4QhLTon90sZ3cz9HZr+QTwXILjNsMZImzA7+zuJA==

"@types/prettier@^2.4.3":
  version "2.4.3"
  resolved "https://registry.yarnpkg.com/@types/prettier/-/prettier-2.4.3.tgz#a3c65525b91fca7da00ab1a3ac2b5a2a4afbffbf"
  integrity sha512-QzSuZMBuG5u8HqYz01qtMdg/Jfctlnvj1z/lYnIDXs/golxw0fxtRAHd9KrzjR7Yxz1qVeI00o0kiO3PmVdJ9w==

"@types/prop-types@*":
  version "15.7.3"
  resolved "https://registry.yarnpkg.com/@types/prop-types/-/prop-types-15.7.3.tgz#2ab0d5da2e5815f94b0b9d4b95d1e5f243ab2ca7"
  integrity sha512-KfRL3PuHmqQLOG+2tGpRO26Ctg+Cq1E01D2DMriKEATHgWLfeNDmq9e29Q9WIky0dQ3NPkd1mzYH8Lm936Z9qw==

"@types/react-dom@^17.0.2":
  version "17.0.2"
  resolved "https://registry.yarnpkg.com/@types/react-dom/-/react-dom-17.0.2.tgz#35654cf6c49ae162d5bc90843d5437dc38008d43"
  integrity sha512-Icd9KEgdnFfJs39KyRyr0jQ7EKhq8U6CcHRMGAS45fp5qgUvxL3ujUCfWFttUK2UErqZNj97t9gsVPNAqcwoCg==
  dependencies:
    "@types/react" "*"

"@types/react@*":
  version "17.0.3"
  resolved "https://registry.yarnpkg.com/@types/react/-/react-17.0.3.tgz#ba6e215368501ac3826951eef2904574c262cc79"
  integrity sha512-wYOUxIgs2HZZ0ACNiIayItyluADNbONl7kt8lkLjVK8IitMH5QMyAh75Fwhmo37r1m7L2JaFj03sIfxBVDvRAg==
  dependencies:
    "@types/prop-types" "*"
    "@types/scheduler" "*"
    csstype "^3.0.2"

"@types/scheduler@*":
  version "0.16.1"
  resolved "https://registry.yarnpkg.com/@types/scheduler/-/scheduler-0.16.1.tgz#18845205e86ff0038517aab7a18a62a6b9f71275"
  integrity sha512-EaCxbanVeyxDRTQBkdLb3Bvl/HK7PBK6UJjsSixB0iHKoWxE5uu2Q/DgtpOhPIojN0Zl1whvOd7PoHs2P0s5eA==

"@types/styletron-react@^5.0.2":
  version "5.0.3"
  resolved "https://registry.yarnpkg.com/@types/styletron-react/-/styletron-react-5.0.3.tgz#54d6e9acefb692355b35132b9f5276cc5cac00f6"
  integrity sha512-mNM8WrFrCYWXNxudjdMMeHZmGdXLfVF/fQmj1Qnz7E99niL2d7IcQubbx731FX3YEVGoF9Au1J6uBkPoEzqypw==
  dependencies:
    "@types/react" "*"
    "@types/styletron-standard" "*"

"@types/styletron-standard@*":
  version "2.0.2"
  resolved "https://registry.yarnpkg.com/@types/styletron-standard/-/styletron-standard-2.0.2.tgz#1e4f1977555e0b4612af0f5f420e8c777640b124"
  integrity sha512-ZpPB8k2Yhskq/oggg2wjWeP/bBxRDfwIzRrHbdksVOQXfHOLf4rRqs2tlWLK/NRJvWU3E3MlXeNcoVSZjuAPiQ==
  dependencies:
    csstype "^3.0.2"

csstype@^3.0.2:
  version "3.0.7"
  resolved "https://registry.yarnpkg.com/csstype/-/csstype-3.0.7.tgz#2a5fb75e1015e84dd15692f71e89a1450290950b"
  integrity sha512-KxnUB0ZMlnUWCsx2Z8MUsr6qV6ja1w9ArPErJaJaF8a5SOWoHLIszeCTKGRGRgtLgYrs1E8CHkNSP1VZTTPc9g==

fast-plist@^0.1.2:
  version "0.1.2"
  resolved "https://registry.yarnpkg.com/fast-plist/-/fast-plist-0.1.2.tgz#a45aff345196006d406ca6cdcd05f69051ef35b8"
  integrity sha1-pFr/NFGWAG1AbKbNzQX2kFHvNbg=

monaco-editor@^0.23.0:
  version "0.23.0"
  resolved "https://registry.yarnpkg.com/monaco-editor/-/monaco-editor-0.23.0.tgz#24844ba5640c7adb3a2a3ff3b520cf2d7170a6f0"
  integrity sha512-q+CP5zMR/aFiMTE9QlIavGyGicKnG2v/H8qVvybLzeFsARM8f6G9fL0sMST2tyVYCwDKkGamZUI6647A0jR/Lg==

monaco-themes@^0.3.3:
  version "0.3.3"
  resolved "https://registry.yarnpkg.com/monaco-themes/-/monaco-themes-0.3.3.tgz#86d9b7cde4d90acb128ec07b3d5d10f757a32224"
  integrity sha512-0yygYHg3hZhMhlYkP2eMAMurLSyVDqA7ZOjHJSz0LNxra2hxuAGjKFdoBGXnG+VykT6u8bc5uZWF8G35NMC3Gw==
  dependencies:
    fast-plist "^0.1.2"

monaco@^1.201704190613.0:
  version "1.201704190613.0"
  resolved "https://registry.yarnpkg.com/monaco/-/monaco-1.201704190613.0.tgz#45196e25c020c7d102219149772ce3864be04a1c"
  integrity sha1-RRluJcAgx9ECIZFJdyzjhkvgShw=

typescript@^4.2.3:
  version "4.2.3"
  resolved "https://registry.yarnpkg.com/typescript/-/typescript-4.2.3.tgz#39062d8019912d43726298f09493d598048c1ce3"
  integrity sha512-qOcYwxaByStAWrBf4x0fibwZvMRG+r4cQoTjbPtUlrWjBHbmCAww1i448U0GJ+3cNNEtebDteo/cHOR3xJ4wEw==
